// !$*UTF8*$!
{
	archiveVersion = 1;
	classes = {
	};
	objectVersion = 50;
	objects = {

/* Begin PBXBuildFile section */
		D6E520D224E73B6300920237 /* GeneralNetwotkLayeriOS.h in Headers */ = {isa = PBXBuildFile; fileRef = D6E520D024E73B6300920237 /* GeneralNetwotkLayeriOS.h */; settings = {ATTRIBUTES = (Public, ); }; };
		D6E520D924E73CD500920237 /* ServiceProtocol.swift in Sources */ = {isa = PBXBuildFile; fileRef = D6E520D824E73CD500920237 /* ServiceProtocol.swift */; };
		D6E520DD24E73ECE00920237 /* URLComponents+Extension.swift in Sources */ = {isa = PBXBuildFile; fileRef = D6E520DC24E73ECE00920237 /* URLComponents+Extension.swift */; };
		D6E520DF24E741D700920237 /* URLRequest+Extension.swift in Sources */ = {isa = PBXBuildFile; fileRef = D6E520DE24E741D700920237 /* URLRequest+Extension.swift */; };
		D6E520E124E743EB00920237 /* NetworkError.swift in Sources */ = {isa = PBXBuildFile; fileRef = D6E520E024E743EB00920237 /* NetworkError.swift */; };
		D6E520E324E7478400920237 /* ProviderProtocol.swift in Sources */ = {isa = PBXBuildFile; fileRef = D6E520E224E7478400920237 /* ProviderProtocol.swift */; };
		D6E520E524E7488200920237 /* URLSessionProvider.swift in Sources */ = {isa = PBXBuildFile; fileRef = D6E520E424E7488200920237 /* URLSessionProvider.swift */; };
		D6E520E724E749F100920237 /* URLSessionProtocol.swift in Sources */ = {isa = PBXBuildFile; fileRef = D6E520E624E749F100920237 /* URLSessionProtocol.swift */; };
		D6E5211C24E7581300920237 /* HTTPMethod.swift in Sources */ = {isa = PBXBuildFile; fileRef = D6E5211B24E7581300920237 /* HTTPMethod.swift */; };
		D6E5211E24E7583900920237 /* Task.swift in Sources */ = {isa = PBXBuildFile; fileRef = D6E5211D24E7583900920237 /* Task.swift */; };
		D6E5212024E7586E00920237 /* ParametersEncoding.swift in Sources */ = {isa = PBXBuildFile; fileRef = D6E5211F24E7586E00920237 /* ParametersEncoding.swift */; };
/* End PBXBuildFile section */

/* Begin PBXFileReference section */
		D6E520CD24E73B6300920237 /* GeneralNetwotkLayeriOS.framework */ = {isa = PBXFileReference; explicitFileType = wrapper.framework; includeInIndex = 0; path = GeneralNetwotkLayeriOS.framework; sourceTree = BUILT_PRODUCTS_DIR; };
		D6E520D024E73B6300920237 /* GeneralNetwotkLayeriOS.h */ = {isa = PBXFileReference; lastKnownFileType = sourcecode.c.h; path = GeneralNetwotkLayeriOS.h; sourceTree = "<group>"; };
		D6E520D124E73B6300920237 /* Info.plist */ = {isa = PBXFileReference; lastKnownFileType = text.plist.xml; path = Info.plist; sourceTree = "<group>"; };
		D6E520D824E73CD500920237 /* ServiceProtocol.swift */ = {isa = PBXFileReference; lastKnownFileType = sourcecode.swift; path = ServiceProtocol.swift; sourceTree = "<group>"; };
		D6E520DC24E73ECE00920237 /* URLComponents+Extension.swift */ = {isa = PBXFileReference; lastKnownFileType = sourcecode.swift; path = "URLComponents+Extension.swift"; sourceTree = "<group>"; };
		D6E520DE24E741D700920237 /* URLRequest+Extension.swift */ = {isa = PBXFileReference; lastKnownFileType = sourcecode.swift; path = "URLRequest+Extension.swift"; sourceTree = "<group>"; };
		D6E520E024E743EB00920237 /* NetworkError.swift */ = {isa = PBXFileReference; lastKnownFileType = sourcecode.swift; path = NetworkError.swift; sourceTree = "<group>"; };
		D6E520E224E7478400920237 /* ProviderProtocol.swift */ = {isa = PBXFileReference; lastKnownFileType = sourcecode.swift; path = ProviderProtocol.swift; sourceTree = "<group>"; };
		D6E520E424E7488200920237 /* URLSessionProvider.swift */ = {isa = PBXFileReference; lastKnownFileType = sourcecode.swift; path = URLSessionProvider.swift; sourceTree = "<group>"; };
		D6E520E624E749F100920237 /* URLSessionProtocol.swift */ = {isa = PBXFileReference; lastKnownFileType = sourcecode.swift; path = URLSessionProtocol.swift; sourceTree = "<group>"; };
		D6E5211B24E7581300920237 /* HTTPMethod.swift */ = {isa = PBXFileReference; lastKnownFileType = sourcecode.swift; path = HTTPMethod.swift; sourceTree = "<group>"; };
		D6E5211D24E7583900920237 /* Task.swift */ = {isa = PBXFileReference; lastKnownFileType = sourcecode.swift; path = Task.swift; sourceTree = "<group>"; };
		D6E5211F24E7586E00920237 /* ParametersEncoding.swift */ = {isa = PBXFileReference; lastKnownFileType = sourcecode.swift; path = ParametersEncoding.swift; sourceTree = "<group>"; };
/* End PBXFileReference section */

/* Begin PBXFrameworksBuildPhase section */
		D6E520CA24E73B6300920237 /* Frameworks */ = {
			isa = PBXFrameworksBuildPhase;
			buildActionMask = 2147483647;
			files = (
			);
			runOnlyForDeploymentPostprocessing = 0;
		};
/* End PBXFrameworksBuildPhase section */

/* Begin PBXGroup section */
		D6E520C324E73B6300920237 = {
			isa = PBXGroup;
			children = (
				D6E520CF24E73B6300920237 /* GeneralNetwotkLayeriOS */,
				D6E520CE24E73B6300920237 /* Products */,
			);
			sourceTree = "<group>";
		};
		D6E520CE24E73B6300920237 /* Products */ = {
			isa = PBXGroup;
			children = (
				D6E520CD24E73B6300920237 /* GeneralNetwotkLayeriOS.framework */,
			);
			name = Products;
			sourceTree = "<group>";
		};
		D6E520CF24E73B6300920237 /* GeneralNetwotkLayeriOS */ = {
			isa = PBXGroup;
			children = (
				D6E520D024E73B6300920237 /* GeneralNetwotkLayeriOS.h */,
				D6E520E424E7488200920237 /* URLSessionProvider.swift */,
				D6E5211A24E757F200920237 /* Enum */,
				D6E5211924E757E900920237 /* Protocols */,
				D6E520D124E73B6300920237 /* Info.plist */,
				D6E520DB24E73EA500920237 /* Extension */,
			);
			path = GeneralNetwotkLayeriOS;
			sourceTree = "<group>";
		};
		D6E520DB24E73EA500920237 /* Extension */ = {
			isa = PBXGroup;
			children = (
				D6E520DC24E73ECE00920237 /* URLComponents+Extension.swift */,
				D6E520DE24E741D700920237 /* URLRequest+Extension.swift */,
			);
			path = Extension;
			sourceTree = "<group>";
		};
		D6E5211924E757E900920237 /* Protocols */ = {
			isa = PBXGroup;
			children = (
				D6E520D824E73CD500920237 /* ServiceProtocol.swift */,
				D6E520E224E7478400920237 /* ProviderProtocol.swift */,
				D6E520E624E749F100920237 /* URLSessionProtocol.swift */,
			);
			path = Protocols;
			sourceTree = "<group>";
		};
		D6E5211A24E757F200920237 /* Enum */ = {
			isa = PBXGroup;
			children = (
				D6E5211B24E7581300920237 /* HTTPMethod.swift */,
				D6E5211D24E7583900920237 /* Task.swift */,
				D6E5211F24E7586E00920237 /* ParametersEncoding.swift */,
				D6E520E024E743EB00920237 /* NetworkError.swift */,
			);
			path = Enum;
			sourceTree = "<group>";
		};
/* End PBXGroup section */

/* Begin PBXHeadersBuildPhase section */
		D6E520C824E73B6300920237 /* Headers */ = {
			isa = PBXHeadersBuildPhase;
			buildActionMask = 2147483647;
			files = (
				D6E520D224E73B6300920237 /* GeneralNetwotkLayeriOS.h in Headers */,
			);
			runOnlyForDeploymentPostprocessing = 0;
		};
/* End PBXHeadersBuildPhase section */

/* Begin PBXNativeTarget section */
		D6E520CC24E73B6300920237 /* GeneralNetwotkLayeriOS */ = {
			isa = PBXNativeTarget;
			buildConfigurationList = D6E520D524E73B6300920237 /* Build configuration list for PBXNativeTarget "GeneralNetwotkLayeriOS" */;
			buildPhases = (
				D6E520C824E73B6300920237 /* Headers */,
				D6E520C924E73B6300920237 /* Sources */,
				D6E520CA24E73B6300920237 /* Frameworks */,
				D6E520CB24E73B6300920237 /* Resources */,
			);
			buildRules = (
			);
			dependencies = (
			);
			name = GeneralNetwotkLayeriOS;
			productName = GeneralNetwotkLayeriOS;
			productReference = D6E520CD24E73B6300920237 /* GeneralNetwotkLayeriOS.framework */;
			productType = "com.apple.product-type.framework";
		};
/* End PBXNativeTarget section */

/* Begin PBXProject section */
		D6E520C424E73B6300920237 /* Project object */ = {
			isa = PBXProject;
			attributes = {
				LastUpgradeCheck = 1200;
				TargetAttributes = {
					D6E520CC24E73B6300920237 = {
						CreatedOnToolsVersion = 12.0;
						LastSwiftMigration = 1200;
					};
				};
			};
			buildConfigurationList = D6E520C724E73B6300920237 /* Build configuration list for PBXProject "GeneralNetwotkLayeriOS" */;
			compatibilityVersion = "Xcode 9.3";
			developmentRegion = en;
			hasScannedForEncodings = 0;
			knownRegions = (
				en,
				Base,
			);
			mainGroup = D6E520C324E73B6300920237;
			productRefGroup = D6E520CE24E73B6300920237 /* Products */;
			projectDirPath = "";
			projectRoot = "";
			targets = (
				D6E520CC24E73B6300920237 /* GeneralNetwotkLayeriOS */,
			);
		};
/* End PBXProject section */

/* Begin PBXResourcesBuildPhase section */
		D6E520CB24E73B6300920237 /* Resources */ = {
			isa = PBXResourcesBuildPhase;
			buildActionMask = 2147483647;
			files = (
			);
			runOnlyForDeploymentPostprocessing = 0;
		};
/* End PBXResourcesBuildPhase section */

/* Begin PBXSourcesBuildPhase section */
		D6E520C924E73B6300920237 /* Sources */ = {
			isa = PBXSourcesBuildPhase;
			buildActionMask = 2147483647;
			files = (
				D6E520E724E749F100920237 /* URLSessionProtocol.swift in Sources */,
				D6E520D924E73CD500920237 /* ServiceProtocol.swift in Sources */,
				D6E520E324E7478400920237 /* ProviderProtocol.swift in Sources */,
				D6E520E124E743EB00920237 /* NetworkError.swift in Sources */,
				D6E5211C24E7581300920237 /* HTTPMethod.swift in Sources */,
				D6E520E524E7488200920237 /* URLSessionProvider.swift in Sources */,
				D6E520DF24E741D700920237 /* URLRequest+Extension.swift in Sources */,
				D6E5211E24E7583900920237 /* Task.swift in Sources */,
				D6E5212024E7586E00920237 /* ParametersEncoding.swift in Sources */,
				D6E520DD24E73ECE00920237 /* URLComponents+Extension.swift in Sources */,
			);
			runOnlyForDeploymentPostprocessing = 0;
		};
/* End PBXSourcesBuildPhase section */

/* Begin XCBuildConfiguration section */
		D6E520D324E73B6300920237 /* Debug */ = {
			isa = XCBuildConfiguration;
			buildSettings = {
				ALWAYS_SEARCH_USER_PATHS = NO;
				CLANG_ANALYZER_NONNULL = YES;
				CLANG_ANALYZER_NUMBER_OBJECT_CONVERSION = YES_AGGRESSIVE;
				CLANG_CXX_LANGUAGE_STANDARD = "gnu++14";
				CLANG_CXX_LIBRARY = "libc++";
				CLANG_ENABLE_MODULES = YES;
				CLANG_ENABLE_OBJC_ARC = YES;
				CLANG_ENABLE_OBJC_WEAK = YES;
				CLANG_WARN_BLOCK_CAPTURE_AUTORELEASING = YES;
				CLANG_WARN_BOOL_CONVERSION = YES;
				CLANG_WARN_COMMA = YES;
				CLANG_WARN_CONSTANT_CONVERSION = YES;
				CLANG_WARN_DEPRECATED_OBJC_IMPLEMENTATIONS = YES;
				CLANG_WARN_DIRECT_OBJC_ISA_USAGE = YES_ERROR;
				CLANG_WARN_DOCUMENTATION_COMMENTS = YES;
				CLANG_WARN_EMPTY_BODY = YES;
				CLANG_WARN_ENUM_CONVERSION = YES;
				CLANG_WARN_INFINITE_RECURSION = YES;
				CLANG_WARN_INT_CONVERSION = YES;
				CLANG_WARN_NON_LITERAL_NULL_CONVERSION = YES;
				CLANG_WARN_OBJC_IMPLICIT_RETAIN_SELF = YES;
				CLANG_WARN_OBJC_LITERAL_CONVERSION = YES;
				CLANG_WARN_OBJC_ROOT_CLASS = YES_ERROR;
				CLANG_WARN_QUOTED_INCLUDE_IN_FRAMEWORK_HEADER = YES;
				CLANG_WARN_RANGE_LOOP_ANALYSIS = YES;
				CLANG_WARN_STRICT_PROTOTYPES = YES;
				CLANG_WARN_SUSPICIOUS_MOVE = YES;
				CLANG_WARN_UNGUARDED_AVAILABILITY = YES_AGGRESSIVE;
				CLANG_WARN_UNREACHABLE_CODE = YES;
				CLANG_WARN__DUPLICATE_METHOD_MATCH = YES;
				COPY_PHASE_STRIP = NO;
				CURRENT_PROJECT_VERSION = 1;
				DEBUG_INFORMATION_FORMAT = dwarf;
				ENABLE_STRICT_OBJC_MSGSEND = YES;
				ENABLE_TESTABILITY = YES;
				GCC_C_LANGUAGE_STANDARD = gnu11;
				GCC_DYNAMIC_NO_PIC = NO;
				GCC_NO_COMMON_BLOCKS = YES;
				GCC_OPTIMIZATION_LEVEL = 0;
				GCC_PREPROCESSOR_DEFINITIONS = (
					"DEBUG=1",
					"$(inherited)",
				);
				GCC_WARN_64_TO_32_BIT_CONVERSION = YES;
				GCC_WARN_ABOUT_RETURN_TYPE = YES_ERROR;
				GCC_WARN_UNDECLARED_SELECTOR = YES;
				GCC_WARN_UNINITIALIZED_AUTOS = YES_AGGRESSIVE;
				GCC_WARN_UNUSED_FUNCTION = YES;
				GCC_WARN_UNUSED_VARIABLE = YES;
				IPHONEOS_DEPLOYMENT_TARGET = 14.0;
				MTL_ENABLE_DEBUG_INFO = INCLUDE_SOURCE;
				MTL_FAST_MATH = YES;
				ONLY_ACTIVE_ARCH = YES;
				SDKROOT = iphoneos;
				SWIFT_ACTIVE_COMPILATION_CONDITIONS = DEBUG;
				SWIFT_OPTIMIZATION_LEVEL = "-Onone";
				VERSIONING_SYSTEM = "apple-generic";
				VERSION_INFO_PREFIX = "";
			};
			name = Debug;
		};
		D6E520D424E73B6300920237 /* Release */ = {
			isa = XCBuildConfiguration;
			buildSettings = {
				ALWAYS_SEARCH_USER_PATHS = NO;
				CLANG_ANALYZER_NONNULL = YES;
				CLANG_ANALYZER_NUMBER_OBJECT_CONVERSION = YES_AGGRESSIVE;
				CLANG_CXX_LANGUAGE_STANDARD = "gnu++14";
				CLANG_CXX_LIBRARY = "libc++";
				CLANG_ENABLE_MODULES = YES;
				CLANG_ENABLE_OBJC_ARC = YES;
				CLANG_ENABLE_OBJC_WEAK = YES;
				CLANG_WARN_BLOCK_CAPTURE_AUTORELEASING = YES;
				CLANG_WARN_BOOL_CONVERSION = YES;
				CLANG_WARN_COMMA = YES;
				CLANG_WARN_CONSTANT_CONVERSION = YES;
				CLANG_WARN_DEPRECATED_OBJC_IMPLEMENTATIONS = YES;
				CLANG_WARN_DIRECT_OBJC_ISA_USAGE = YES_ERROR;
				CLANG_WARN_DOCUMENTATION_COMMENTS = YES;
				CLANG_WARN_EMPTY_BODY = YES;
				CLANG_WARN_ENUM_CONVERSION = YES;
				CLANG_WARN_INFINITE_RECURSION = YES;
				CLANG_WARN_INT_CONVERSION = YES;
				CLANG_WARN_NON_LITERAL_NULL_CONVERSION = YES;
				CLANG_WARN_OBJC_IMPLICIT_RETAIN_SELF = YES;
				CLANG_WARN_OBJC_LITERAL_CONVERSION = YES;
				CLANG_WARN_OBJC_ROOT_CLASS = YES_ERROR;
				CLANG_WARN_QUOTED_INCLUDE_IN_FRAMEWORK_HEADER = YES;
				CLANG_WARN_RANGE_LOOP_ANALYSIS = YES;
				CLANG_WARN_STRICT_PROTOTYPES = YES;
				CLANG_WARN_SUSPICIOUS_MOVE = YES;
				CLANG_WARN_UNGUARDED_AVAILABILITY = YES_AGGRESSIVE;
				CLANG_WARN_UNREACHABLE_CODE = YES;
				CLANG_WARN__DUPLICATE_METHOD_MATCH = YES;
				COPY_PHASE_STRIP = NO;
				CURRENT_PROJECT_VERSION = 1;
				DEBUG_INFORMATION_FORMAT = "dwarf-with-dsym";
				ENABLE_NS_ASSERTIONS = NO;
				ENABLE_STRICT_OBJC_MSGSEND = YES;
				GCC_C_LANGUAGE_STANDARD = gnu11;
				GCC_NO_COMMON_BLOCKS = YES;
				GCC_WARN_64_TO_32_BIT_CONVERSION = YES;
				GCC_WARN_ABOUT_RETURN_TYPE = YES_ERROR;
				GCC_WARN_UNDECLARED_SELECTOR = YES;
				GCC_WARN_UNINITIALIZED_AUTOS = YES_AGGRESSIVE;
				GCC_WARN_UNUSED_FUNCTION = YES;
				GCC_WARN_UNUSED_VARIABLE = YES;
				IPHONEOS_DEPLOYMENT_TARGET = 14.0;
				MTL_ENABLE_DEBUG_INFO = NO;
				MTL_FAST_MATH = YES;
				SDKROOT = iphoneos;
				SWIFT_COMPILATION_MODE = wholemodule;
				SWIFT_OPTIMIZATION_LEVEL = "-O";
				VALIDATE_PRODUCT = YES;
				VERSIONING_SYSTEM = "apple-generic";
				VERSION_INFO_PREFIX = "";
			};
			name = Release;
		};
		D6E520D624E73B6300920237 /* Debug */ = {
			isa = XCBuildConfiguration;
			buildSettings = {
				CLANG_ENABLE_MODULES = YES;
				CODE_SIGN_STYLE = Automatic;
				DEFINES_MODULE = YES;
				DEVELOPMENT_TEAM = B6LN4XWA2V;
				DYLIB_COMPATIBILITY_VERSION = 1;
				DYLIB_CURRENT_VERSION = 1;
				DYLIB_INSTALL_NAME_BASE = "@rpath";
				INFOPLIST_FILE = GeneralNetwotkLayeriOS/Info.plist;
				INSTALL_PATH = "$(LOCAL_LIBRARY_DIR)/Frameworks";
				LD_RUNPATH_SEARCH_PATHS = (
					"$(inherited)",
					"@executable_path/Frameworks",
					"@loader_path/Frameworks",
				);
				PRODUCT_BUNDLE_IDENTIFIER = com.va.GeneralNetwotkLayeriOS;
				PRODUCT_NAME = "$(TARGET_NAME:c99extidentifier)";
				SKIP_INSTALL = YES;
				SWIFT_OPTIMIZATION_LEVEL = "-Onone";
				SWIFT_VERSION = 5.0;
				TARGETED_DEVICE_FAMILY = "1,2";
			};
			name = Debug;
		};
		D6E520D724E73B6300920237 /* Release */ = {
			isa = XCBuildConfiguration;
			buildSettings = {
				CLANG_ENABLE_MODULES = YES;
				CODE_SIGN_STYLE = Automatic;
				DEFINES_MODULE = YES;
				DEVELOPMENT_TEAM = B6LN4XWA2V;
				DYLIB_COMPATIBILITY_VERSION = 1;
				DYLIB_CURRENT_VERSION = 1;
				DYLIB_INSTALL_NAME_BASE = "@rpath";
				INFOPLIST_FILE = GeneralNetwotkLayeriOS/Info.plist;
				INSTALL_PATH = "$(LOCAL_LIBRARY_DIR)/Frameworks";
				LD_RUNPATH_SEARCH_PATHS = (
					"$(inherited)",
					"@executable_path/Frameworks",
					"@loader_path/Frameworks",
				);
				PRODUCT_BUNDLE_IDENTIFIER = com.va.GeneralNetwotkLayeriOS;
				PRODUCT_NAME = "$(TARGET_NAME:c99extidentifier)";
				SKIP_INSTALL = YES;
				SWIFT_VERSION = 5.0;
				TARGETED_DEVICE_FAMILY = "1,2";
			};
			name = Release;
		};
/* End XCBuildConfiguration section */

/* Begin XCConfigurationList section */
		D6E520C724E73B6300920237 /* Build configuration list for PBXProject "GeneralNetwotkLayeriOS" */ = {
			isa = XCConfigurationList;
			buildConfigurations = (
				D6E520D324E73B6300920237 /* Debug */,
				D6E520D424E73B6300920237 /* Release */,
			);
			defaultConfigurationIsVisible = 0;
			defaultConfigurationName = Release;
		};
		D6E520D524E73B6300920237 /* Build configuration list for PBXNativeTarget "GeneralNetwotkLayeriOS" */ = {
			isa = XCConfigurationList;
			buildConfigurations = (
				D6E520D624E73B6300920237 /* Debug */,
				D6E520D724E73B6300920237 /* Release */,
			);
			defaultConfigurationIsVisible = 0;
			defaultConfigurationName = Release;
		};
/* End XCConfigurationList section */
	};
	rootObject = D6E520C424E73B6300920237 /* Project object */;
}
